PODS:
  - boost (1.76.0)
  - CocoaAsyncSocket (7.6.5)
  - DoubleConversion (1.1.6)
  - FBLazyVector (0.71.11-0)
  - FBReactNativeSpec (0.71.11-0):
    - RCT-Folly (= 2021.07.22.00)
    - RCTRequired (= 0.71.11-0)
    - RCTTypeSafety (= 0.71.11-0)
    - React-Core (= 0.71.11-0)
    - React-jsi (= 0.71.11-0)
    - ReactCommon/turbomodule/core (= 0.71.11-0)
  - Flipper (0.125.0):
    - Flipper-Folly (~> 2.6)
    - Flipper-RSocket (~> 1.4)
  - Flipper-Boost-iOSX (1.76.0.1.11)
  - Flipper-DoubleConversion (3.2.0.1)
  - Flipper-Fmt (7.1.7)
  - Flipper-Folly (2.6.10):
    - Flipper-Boost-iOSX
    - Flipper-DoubleConversion
    - Flipper-Fmt (= 7.1.7)
    - Flipper-Glog
    - libevent (~> 2.1.12)
    - OpenSSL-Universal (= 1.1.1100)
  - Flipper-Glog (0.5.0.5)
  - Flipper-PeerTalk (0.0.4)
  - Flipper-RSocket (1.4.3):
    - Flipper-Folly (~> 2.6)
  - FlipperKit (0.125.0):
    - FlipperKit/Core (= 0.125.0)
  - FlipperKit/Core (0.125.0):
    - Flipper (~> 0.125.0)
    - FlipperKit/CppBridge
    - FlipperKit/FBCxxFollyDynamicConvert
    - FlipperKit/FBDefines
    - FlipperKit/FKPortForwarding
    - SocketRocket (~> 0.6.0)
  - FlipperKit/CppBridge (0.125.0):
    - Flipper (~> 0.125.0)
  - FlipperKit/FBCxxFollyDynamicConvert (0.125.0):
    - Flipper-Folly (~> 2.6)
  - FlipperKit/FBDefines (0.125.0)
  - FlipperKit/FKPortForwarding (0.125.0):
    - CocoaAsyncSocket (~> 7.6)
    - Flipper-PeerTalk (~> 0.0.4)
  - FlipperKit/FlipperKitHighlightOverlay (0.125.0)
  - FlipperKit/FlipperKitLayoutHelpers (0.125.0):
    - FlipperKit/Core
    - FlipperKit/FlipperKitHighlightOverlay
    - FlipperKit/FlipperKitLayoutTextSearchable
  - FlipperKit/FlipperKitLayoutIOSDescriptors (0.125.0):
    - FlipperKit/Core
    - FlipperKit/FlipperKitHighlightOverlay
    - FlipperKit/FlipperKitLayoutHelpers
    - YogaKit (~> 1.18)
  - FlipperKit/FlipperKitLayoutPlugin (0.125.0):
    - FlipperKit/Core
    - FlipperKit/FlipperKitHighlightOverlay
    - FlipperKit/FlipperKitLayoutHelpers
    - FlipperKit/FlipperKitLayoutIOSDescriptors
    - FlipperKit/FlipperKitLayoutTextSearchable
    - YogaKit (~> 1.18)
  - FlipperKit/FlipperKitLayoutTextSearchable (0.125.0)
  - FlipperKit/FlipperKitNetworkPlugin (0.125.0):
    - FlipperKit/Core
  - FlipperKit/FlipperKitReactPlugin (0.125.0):
    - FlipperKit/Core
  - FlipperKit/FlipperKitUserDefaultsPlugin (0.125.0):
    - FlipperKit/Core
  - FlipperKit/SKIOSNetworkPlugin (0.125.0):
    - FlipperKit/Core
    - FlipperKit/FlipperKitNetworkPlugin
  - fmt (7.1.3)
  - glog (0.3.5)
  - hermes-engine (0.71.11-0):
    - hermes-engine/Pre-built (= 0.71.11-0)
  - hermes-engine/Pre-built (0.71.11-0)
  - libevent (2.1.12.1)
  - OpenSSL-Universal (1.1.1100)
  - RCT-Folly (2021.07.22.00):
    - boost
    - DoubleConversion
    - fmt
    - glog
    - RCT-Folly/Default (= 2021.07.22.00)
  - RCT-Folly/Default (2021.07.22.00):
    - boost
    - DoubleConversion
    - fmt
    - glog
  - RCT-Folly/Futures (2021.07.22.00):
    - boost
    - DoubleConversion
    - fmt
    - glog
    - libevent
  - RCTRequired (0.71.11-0)
  - RCTTypeSafety (0.71.11-0):
    - FBLazyVector (= 0.71.11-0)
    - RCTRequired (= 0.71.11-0)
    - React-Core (= 0.71.11-0)
  - React (0.71.11-0):
    - React-Core (= 0.71.11-0)
    - React-Core/DevSupport (= 0.71.11-0)
    - React-Core/RCTWebSocket (= 0.71.11-0)
    - React-RCTAnimation (= 0.71.11-0)
    - React-RCTBlob (= 0.71.11-0)
    - React-RCTImage (= 0.71.11-0)
    - React-RCTLinking (= 0.71.11-0)
    - React-RCTNetwork (= 0.71.11-0)
    - React-RCTSettings (= 0.71.11-0)
    - React-RCTText (= 0.71.11-0)
  - React-callinvoker (0.71.11-0)
  - React-Codegen (0.71.11-0):
    - FBReactNativeSpec
    - hermes-engine
    - RCT-Folly
    - RCTRequired
    - RCTTypeSafety
    - React-Core
    - React-jsi
    - React-jsiexecutor
    - ReactCommon/turbomodule/bridging
    - ReactCommon/turbomodule/core
  - React-Core (0.71.11-0):
    - glog
    - hermes-engine
    - RCT-Folly (= 2021.07.22.00)
    - React-Core/Default (= 0.71.11-0)
    - React-cxxreact (= 0.71.11-0)
    - React-hermes
    - React-jsi (= 0.71.11-0)
    - React-jsiexecutor (= 0.71.11-0)
    - React-perflogger (= 0.71.11-0)
    - Yoga
  - React-Core/CoreModulesHeaders (0.71.11-0):
    - glog
    - hermes-engine
    - RCT-Folly (= 2021.07.22.00)
    - React-Core/Default
    - React-cxxreact (= 0.71.11-0)
    - React-hermes
    - React-jsi (= 0.71.11-0)
    - React-jsiexecutor (= 0.71.11-0)
    - React-perflogger (= 0.71.11-0)
    - Yoga
  - React-Core/Default (0.71.11-0):
    - glog
    - hermes-engine
    - RCT-Folly (= 2021.07.22.00)
    - React-cxxreact (= 0.71.11-0)
    - React-hermes
    - React-jsi (= 0.71.11-0)
    - React-jsiexecutor (= 0.71.11-0)
    - React-perflogger (= 0.71.11-0)
    - Yoga
  - React-Core/DevSupport (0.71.11-0):
    - glog
    - hermes-engine
    - RCT-Folly (= 2021.07.22.00)
    - React-Core/Default (= 0.71.11-0)
    - React-Core/RCTWebSocket (= 0.71.11-0)
    - React-cxxreact (= 0.71.11-0)
    - React-hermes
    - React-jsi (= 0.71.11-0)
    - React-jsiexecutor (= 0.71.11-0)
    - React-jsinspector (= 0.71.11-0)
    - React-perflogger (= 0.71.11-0)
    - Yoga
  - React-Core/RCTActionSheetHeaders (0.71.11-0):
    - glog
    - hermes-engine
    - RCT-Folly (= 2021.07.22.00)
    - React-Core/Default
    - React-cxxreact (= 0.71.11-0)
    - React-hermes
    - React-jsi (= 0.71.11-0)
    - React-jsiexecutor (= 0.71.11-0)
    - React-perflogger (= 0.71.11-0)
    - Yoga
  - React-Core/RCTAnimationHeaders (0.71.11-0):
    - glog
    - hermes-engine
    - RCT-Folly (= 2021.07.22.00)
    - React-Core/Default
    - React-cxxreact (= 0.71.11-0)
    - React-hermes
    - React-jsi (= 0.71.11-0)
    - React-jsiexecutor (= 0.71.11-0)
    - React-perflogger (= 0.71.11-0)
    - Yoga
  - React-Core/RCTBlobHeaders (0.71.11-0):
    - glog
    - hermes-engine
    - RCT-Folly (= 2021.07.22.00)
    - React-Core/Default
    - React-cxxreact (= 0.71.11-0)
    - React-hermes
    - React-jsi (= 0.71.11-0)
    - React-jsiexecutor (= 0.71.11-0)
    - React-perflogger (= 0.71.11-0)
    - Yoga
  - React-Core/RCTImageHeaders (0.71.11-0):
    - glog
    - hermes-engine
    - RCT-Folly (= 2021.07.22.00)
    - React-Core/Default
    - React-cxxreact (= 0.71.11-0)
    - React-hermes
    - React-jsi (= 0.71.11-0)
    - React-jsiexecutor (= 0.71.11-0)
    - React-perflogger (= 0.71.11-0)
    - Yoga
  - React-Core/RCTLinkingHeaders (0.71.11-0):
    - glog
    - hermes-engine
    - RCT-Folly (= 2021.07.22.00)
    - React-Core/Default
    - React-cxxreact (= 0.71.11-0)
    - React-hermes
    - React-jsi (= 0.71.11-0)
    - React-jsiexecutor (= 0.71.11-0)
    - React-perflogger (= 0.71.11-0)
    - Yoga
  - React-Core/RCTNetworkHeaders (0.71.11-0):
    - glog
    - hermes-engine
    - RCT-Folly (= 2021.07.22.00)
    - React-Core/Default
    - React-cxxreact (= 0.71.11-0)
    - React-hermes
    - React-jsi (= 0.71.11-0)
    - React-jsiexecutor (= 0.71.11-0)
    - React-perflogger (= 0.71.11-0)
    - Yoga
  - React-Core/RCTSettingsHeaders (0.71.11-0):
    - glog
    - hermes-engine
    - RCT-Folly (= 2021.07.22.00)
    - React-Core/Default
    - React-cxxreact (= 0.71.11-0)
    - React-hermes
    - React-jsi (= 0.71.11-0)
    - React-jsiexecutor (= 0.71.11-0)
    - React-perflogger (= 0.71.11-0)
    - Yoga
  - React-Core/RCTTextHeaders (0.71.11-0):
    - glog
    - hermes-engine
    - RCT-Folly (= 2021.07.22.00)
    - React-Core/Default
    - React-cxxreact (= 0.71.11-0)
    - React-hermes
    - React-jsi (= 0.71.11-0)
    - React-jsiexecutor (= 0.71.11-0)
    - React-perflogger (= 0.71.11-0)
    - Yoga
  - React-Core/RCTWebSocket (0.71.11-0):
    - glog
    - hermes-engine
    - RCT-Folly (= 2021.07.22.00)
    - React-Core/Default (= 0.71.11-0)
    - React-cxxreact (= 0.71.11-0)
    - React-hermes
    - React-jsi (= 0.71.11-0)
    - React-jsiexecutor (= 0.71.11-0)
    - React-perflogger (= 0.71.11-0)
    - Yoga
  - React-CoreModules (0.71.11-0):
    - RCT-Folly (= 2021.07.22.00)
    - RCTTypeSafety (= 0.71.11-0)
    - React-Codegen (= 0.71.11-0)
    - React-Core/CoreModulesHeaders (= 0.71.11-0)
    - React-jsi (= 0.71.11-0)
    - React-RCTBlob
    - React-RCTImage (= 0.71.11-0)
    - ReactCommon/turbomodule/core (= 0.71.11-0)
  - React-cxxreact (0.71.11-0):
    - boost (= 1.76.0)
    - DoubleConversion
    - glog
    - hermes-engine
    - RCT-Folly (= 2021.07.22.00)
    - React-callinvoker (= 0.71.11-0)
    - React-jsi (= 0.71.11-0)
    - React-jsinspector (= 0.71.11-0)
    - React-logger (= 0.71.11-0)
    - React-perflogger (= 0.71.11-0)
    - React-runtimeexecutor (= 0.71.11-0)
  - React-hermes (0.71.11-0):
    - DoubleConversion
    - glog
    - hermes-engine
    - RCT-Folly (= 2021.07.22.00)
    - RCT-Folly/Futures (= 2021.07.22.00)
    - React-cxxreact (= 0.71.11-0)
    - React-jsi
    - React-jsiexecutor (= 0.71.11-0)
    - React-jsinspector (= 0.71.11-0)
    - React-perflogger (= 0.71.11-0)
  - React-jsi (0.71.11-0):
    - boost (= 1.76.0)
    - DoubleConversion
    - glog
    - hermes-engine
    - RCT-Folly (= 2021.07.22.00)
  - React-jsiexecutor (0.71.11-0):
    - DoubleConversion
    - glog
    - hermes-engine
    - RCT-Folly (= 2021.07.22.00)
    - React-cxxreact (= 0.71.11-0)
    - React-jsi (= 0.71.11-0)
    - React-perflogger (= 0.71.11-0)
  - React-jsinspector (0.71.11-0)
  - React-logger (0.71.11-0):
    - glog
  - react-native-keyevent (0.3.0):
    - React
  - react-native-safe-area-context (4.6.4):
    - RCT-Folly
    - RCTRequired
    - RCTTypeSafety
    - React-Core
    - ReactCommon/turbomodule/core
  - React-perflogger (0.71.11-0)
  - React-RCTActionSheet (0.71.11-0):
    - React-Core/RCTActionSheetHeaders (= 0.71.11-0)
  - React-RCTAnimation (0.71.11-0):
    - RCT-Folly (= 2021.07.22.00)
    - RCTTypeSafety (= 0.71.11-0)
    - React-Codegen (= 0.71.11-0)
    - React-Core/RCTAnimationHeaders (= 0.71.11-0)
    - React-jsi (= 0.71.11-0)
    - ReactCommon/turbomodule/core (= 0.71.11-0)
  - React-RCTAppDelegate (0.71.11-0):
    - RCT-Folly
    - RCTRequired
    - RCTTypeSafety
    - React-Core
    - ReactCommon/turbomodule/core
  - React-RCTBlob (0.71.11-0):
    - hermes-engine
    - RCT-Folly (= 2021.07.22.00)
    - React-Codegen (= 0.71.11-0)
    - React-Core/RCTBlobHeaders (= 0.71.11-0)
    - React-Core/RCTWebSocket (= 0.71.11-0)
    - React-jsi (= 0.71.11-0)
    - React-RCTNetwork (= 0.71.11-0)
    - ReactCommon/turbomodule/core (= 0.71.11-0)
  - React-RCTImage (0.71.11-0):
    - RCT-Folly (= 2021.07.22.00)
    - RCTTypeSafety (= 0.71.11-0)
    - React-Codegen (= 0.71.11-0)
    - React-Core/RCTImageHeaders (= 0.71.11-0)
    - React-jsi (= 0.71.11-0)
    - React-RCTNetwork (= 0.71.11-0)
    - ReactCommon/turbomodule/core (= 0.71.11-0)
  - React-RCTLinking (0.71.11-0):
    - React-Codegen (= 0.71.11-0)
    - React-Core/RCTLinkingHeaders (= 0.71.11-0)
    - React-jsi (= 0.71.11-0)
    - ReactCommon/turbomodule/core (= 0.71.11-0)
  - React-RCTNetwork (0.71.11-0):
    - RCT-Folly (= 2021.07.22.00)
    - RCTTypeSafety (= 0.71.11-0)
    - React-Codegen (= 0.71.11-0)
    - React-Core/RCTNetworkHeaders (= 0.71.11-0)
    - React-jsi (= 0.71.11-0)
    - ReactCommon/turbomodule/core (= 0.71.11-0)
  - React-RCTSettings (0.71.11-0):
    - RCT-Folly (= 2021.07.22.00)
    - RCTTypeSafety (= 0.71.11-0)
    - React-Codegen (= 0.71.11-0)
    - React-Core/RCTSettingsHeaders (= 0.71.11-0)
    - React-jsi (= 0.71.11-0)
    - ReactCommon/turbomodule/core (= 0.71.11-0)
  - React-RCTText (0.71.11-0):
    - React-Core/RCTTextHeaders (= 0.71.11-0)
  - React-runtimeexecutor (0.71.11-0):
    - React-jsi (= 0.71.11-0)
  - ReactCommon/turbomodule/bridging (0.71.11-0):
    - DoubleConversion
    - glog
    - hermes-engine
    - RCT-Folly (= 2021.07.22.00)
    - React-callinvoker (= 0.71.11-0)
    - React-Core (= 0.71.11-0)
    - React-cxxreact (= 0.71.11-0)
    - React-jsi (= 0.71.11-0)
    - React-logger (= 0.71.11-0)
    - React-perflogger (= 0.71.11-0)
  - ReactCommon/turbomodule/core (0.71.11-0):
    - DoubleConversion
    - glog
    - hermes-engine
    - RCT-Folly (= 2021.07.22.00)
    - React-callinvoker (= 0.71.11-0)
    - React-Core (= 0.71.11-0)
    - React-cxxreact (= 0.71.11-0)
    - React-jsi (= 0.71.11-0)
    - React-logger (= 0.71.11-0)
    - React-perflogger (= 0.71.11-0)
  - RNScreens (3.22.0):
    - React-Core
    - React-RCTImage
  - SocketRocket (0.6.0)
  - Yoga (1.14.0)
  - YogaKit (1.18.1):
    - Yoga

DEPENDENCIES:
  - boost (from `../../../node_modules/react-native/third-party-podspecs/boost.podspec`)
  - DoubleConversion (from `../../../node_modules/react-native/third-party-podspecs/DoubleConversion.podspec`)
  - FBLazyVector (from `../../../node_modules/react-native/Libraries/FBLazyVector`)
  - FBReactNativeSpec (from `../../../node_modules/react-native/React/FBReactNativeSpec`)
  - Flipper (= 0.125.0)
  - Flipper-Boost-iOSX (= 1.76.0.1.11)
  - Flipper-DoubleConversion (= 3.2.0.1)
  - Flipper-Fmt (= 7.1.7)
  - Flipper-Folly (= 2.6.10)
  - Flipper-Glog (= 0.5.0.5)
  - Flipper-PeerTalk (= 0.0.4)
  - Flipper-RSocket (= 1.4.3)
  - FlipperKit (= 0.125.0)
  - FlipperKit/Core (= 0.125.0)
  - FlipperKit/CppBridge (= 0.125.0)
  - FlipperKit/FBCxxFollyDynamicConvert (= 0.125.0)
  - FlipperKit/FBDefines (= 0.125.0)
  - FlipperKit/FKPortForwarding (= 0.125.0)
  - FlipperKit/FlipperKitHighlightOverlay (= 0.125.0)
  - FlipperKit/FlipperKitLayoutPlugin (= 0.125.0)
  - FlipperKit/FlipperKitLayoutTextSearchable (= 0.125.0)
  - FlipperKit/FlipperKitNetworkPlugin (= 0.125.0)
  - FlipperKit/FlipperKitReactPlugin (= 0.125.0)
  - FlipperKit/FlipperKitUserDefaultsPlugin (= 0.125.0)
  - FlipperKit/SKIOSNetworkPlugin (= 0.125.0)
  - fmt (from `../../../node_modules/react-native/third-party-podspecs/fmt.podspec`)
  - glog (from `../../../node_modules/react-native/third-party-podspecs/glog.podspec`)
  - hermes-engine (from `../../../node_modules/react-native/sdks/hermes-engine/hermes-engine.podspec`)
  - libevent (~> 2.1.12)
  - OpenSSL-Universal (= 1.1.1100)
  - RCT-Folly (from `../../../node_modules/react-native/third-party-podspecs/RCT-Folly.podspec`)
  - RCTRequired (from `../../../node_modules/react-native/Libraries/RCTRequired`)
  - RCTTypeSafety (from `../../../node_modules/react-native/Libraries/TypeSafety`)
  - React (from `../../../node_modules/react-native/`)
  - React-callinvoker (from `../../../node_modules/react-native/ReactCommon/callinvoker`)
  - React-Codegen (from `build/generated/ios`)
  - React-Core (from `../../../node_modules/react-native/`)
  - React-Core/DevSupport (from `../../../node_modules/react-native/`)
  - React-Core/RCTWebSocket (from `../../../node_modules/react-native/`)
  - React-CoreModules (from `../../../node_modules/react-native/React/CoreModules`)
  - React-cxxreact (from `../../../node_modules/react-native/ReactCommon/cxxreact`)
  - React-hermes (from `../../../node_modules/react-native/ReactCommon/hermes`)
  - React-jsi (from `../../../node_modules/react-native/ReactCommon/jsi`)
  - React-jsiexecutor (from `../../../node_modules/react-native/ReactCommon/jsiexecutor`)
  - React-jsinspector (from `../../../node_modules/react-native/ReactCommon/jsinspector`)
  - React-logger (from `../../../node_modules/react-native/ReactCommon/logger`)
  - react-native-keyevent (from `../../../node_modules/react-native-keyevent`)
  - react-native-safe-area-context (from `../../../node_modules/react-native-safe-area-context`)
  - React-perflogger (from `../../../node_modules/react-native/ReactCommon/reactperflogger`)
  - React-RCTActionSheet (from `../../../node_modules/react-native/Libraries/ActionSheetIOS`)
  - React-RCTAnimation (from `../../../node_modules/react-native/Libraries/NativeAnimation`)
  - React-RCTAppDelegate (from `../../../node_modules/react-native/Libraries/AppDelegate`)
  - React-RCTBlob (from `../../../node_modules/react-native/Libraries/Blob`)
  - React-RCTImage (from `../../../node_modules/react-native/Libraries/Image`)
  - React-RCTLinking (from `../../../node_modules/react-native/Libraries/LinkingIOS`)
  - React-RCTNetwork (from `../../../node_modules/react-native/Libraries/Network`)
  - React-RCTSettings (from `../../../node_modules/react-native/Libraries/Settings`)
  - React-RCTText (from `../../../node_modules/react-native/Libraries/Text`)
  - React-runtimeexecutor (from `../../../node_modules/react-native/ReactCommon/runtimeexecutor`)
  - ReactCommon/turbomodule/core (from `../../../node_modules/react-native/ReactCommon`)
  - RNScreens (from `../../../node_modules/react-native-screens`)
  - Yoga (from `../../../node_modules/react-native/ReactCommon/yoga`)

SPEC REPOS:
  https://github.com/react-native-tvos/react-native-tvos-podspecs.git:
    - libevent
    - YogaKit
  trunk:
    - CocoaAsyncSocket
    - Flipper
    - Flipper-Boost-iOSX
    - Flipper-DoubleConversion
    - Flipper-Fmt
    - Flipper-Folly
    - Flipper-Glog
    - Flipper-PeerTalk
    - Flipper-RSocket
    - FlipperKit
    - OpenSSL-Universal
    - SocketRocket

EXTERNAL SOURCES:
  boost:
    :podspec: "../../../node_modules/react-native/third-party-podspecs/boost.podspec"
  DoubleConversion:
    :podspec: "../../../node_modules/react-native/third-party-podspecs/DoubleConversion.podspec"
  FBLazyVector:
    :path: "../../../node_modules/react-native/Libraries/FBLazyVector"
  FBReactNativeSpec:
    :path: "../../../node_modules/react-native/React/FBReactNativeSpec"
  fmt:
    :podspec: "../../../node_modules/react-native/third-party-podspecs/fmt.podspec"
  glog:
    :podspec: "../../../node_modules/react-native/third-party-podspecs/glog.podspec"
  hermes-engine:
    :podspec: "../../../node_modules/react-native/sdks/hermes-engine/hermes-engine.podspec"
  RCT-Folly:
    :podspec: "../../../node_modules/react-native/third-party-podspecs/RCT-Folly.podspec"
  RCTRequired:
    :path: "../../../node_modules/react-native/Libraries/RCTRequired"
  RCTTypeSafety:
    :path: "../../../node_modules/react-native/Libraries/TypeSafety"
  React:
    :path: "../../../node_modules/react-native/"
  React-callinvoker:
    :path: "../../../node_modules/react-native/ReactCommon/callinvoker"
  React-Codegen:
    :path: build/generated/ios
  React-Core:
    :path: "../../../node_modules/react-native/"
  React-CoreModules:
    :path: "../../../node_modules/react-native/React/CoreModules"
  React-cxxreact:
    :path: "../../../node_modules/react-native/ReactCommon/cxxreact"
  React-hermes:
    :path: "../../../node_modules/react-native/ReactCommon/hermes"
  React-jsi:
    :path: "../../../node_modules/react-native/ReactCommon/jsi"
  React-jsiexecutor:
    :path: "../../../node_modules/react-native/ReactCommon/jsiexecutor"
  React-jsinspector:
    :path: "../../../node_modules/react-native/ReactCommon/jsinspector"
  React-logger:
    :path: "../../../node_modules/react-native/ReactCommon/logger"
  react-native-keyevent:
    :path: "../../../node_modules/react-native-keyevent"
  react-native-safe-area-context:
    :path: "../../../node_modules/react-native-safe-area-context"
  React-perflogger:
    :path: "../../../node_modules/react-native/ReactCommon/reactperflogger"
  React-RCTActionSheet:
    :path: "../../../node_modules/react-native/Libraries/ActionSheetIOS"
  React-RCTAnimation:
    :path: "../../../node_modules/react-native/Libraries/NativeAnimation"
  React-RCTAppDelegate:
    :path: "../../../node_modules/react-native/Libraries/AppDelegate"
  React-RCTBlob:
    :path: "../../../node_modules/react-native/Libraries/Blob"
  React-RCTImage:
    :path: "../../../node_modules/react-native/Libraries/Image"
  React-RCTLinking:
    :path: "../../../node_modules/react-native/Libraries/LinkingIOS"
  React-RCTNetwork:
    :path: "../../../node_modules/react-native/Libraries/Network"
  React-RCTSettings:
    :path: "../../../node_modules/react-native/Libraries/Settings"
  React-RCTText:
    :path: "../../../node_modules/react-native/Libraries/Text"
  React-runtimeexecutor:
    :path: "../../../node_modules/react-native/ReactCommon/runtimeexecutor"
  ReactCommon:
    :path: "../../../node_modules/react-native/ReactCommon"
  RNScreens:
    :path: "../../../node_modules/react-native-screens"
  Yoga:
    :path: "../../../node_modules/react-native/ReactCommon/yoga"

SPEC CHECKSUMS:
  boost: 0ed1b9a58a27b2f7885dc9f279bc3b341f44512b
  CocoaAsyncSocket: 065fd1e645c7abab64f7a6a2007a48038fdc6a99
  DoubleConversion: 234abba95e31cc2aada0cf3b97cdb11bc5b90575
  FBLazyVector: c02eab6431122883bbcac0481bb2147bec4270e1
  FBReactNativeSpec: a14987b08b0728b4afd427b95da4c4963e6c8db8
  Flipper: 26fc4b7382499f1281eb8cb921e5c3ad6de91fe0
  Flipper-Boost-iOSX: fd1e2b8cbef7e662a122412d7ac5f5bea715403c
  Flipper-DoubleConversion: 2dc99b02f658daf147069aad9dbd29d8feb06d30
  Flipper-Fmt: 60cbdd92fc254826e61d669a5d87ef7015396a9b
  Flipper-Folly: 584845625005ff068a6ebf41f857f468decd26b3
  Flipper-Glog: 70c50ce58ddaf67dc35180db05f191692570f446
  Flipper-PeerTalk: 116d8f857dc6ef55c7a5a75ea3ceaafe878aadc9
  Flipper-RSocket: d9d9ade67cbecf6ac10730304bf5607266dd2541
  FlipperKit: cbdee19bdd4e7f05472a66ce290f1b729ba3cb86
  fmt: 135c0c55547979f715b56dfa54037ececa96d07a
  glog: a2ded9bf28f0cb2fce90ad21eb419299a500ff6c
  hermes-engine: 47dc3205428409d784a2e3db57c1d279a00070e8
  libevent: a6d75fcd7be07cbc5070300ea8dbc8d55dfab88e
  OpenSSL-Universal: ebc357f1e6bc71fa463ccb2fe676756aff50e88c
  RCT-Folly: 136e9161a833a162fe3e8b647098759aae227036
  RCTRequired: eb1edfb86bdfa4581d2fb03c1d62c691be8766e2
  RCTTypeSafety: 55e9f8c38479e29b796640582c64397fc7d6651c
  React: 80819c3ce942ba6848e276c200812db1435bb189
  React-callinvoker: b284230e7aa26a555a7c2930ff9b8d21cf0b3860
  React-Codegen: 2d3afd02728fa0fe775abebe486cd0ee0bb4c6f5
  React-Core: ec4df8fe1e3417eb2797d49f593749506e1ccb29
  React-CoreModules: cca921b004b554fb88b6d6e940b677b0ac1bf352
  React-cxxreact: d51a8e6835a979b34da58170ac04b117bf510c6f
  React-hermes: db92319e90a1318f6963dda4039b2de4d00a1537
  React-jsi: 4546e5ea15cc6ebcf49412f02397d066476e0e0a
  React-jsiexecutor: b793f65dc6ff505e397286d2776e7a8442747bf3
  React-jsinspector: ec50c66abd5580a08cd8c83bc0b570de3dee90ad
  React-logger: 4d444d0dfbe78901a770e9d942cbcaa0d9cd1fbf
  react-native-keyevent: 03c7a167d511fb775b90eef5f196f4c5d99e752d
  react-native-safe-area-context: 68b07eabfb0d14547d36f6929c0e98d818064f02
  React-perflogger: a411f62cb204bed2e70aed84a9b08c45fe63fc40
  React-RCTActionSheet: 9868c507bbfee9f72d0929030dad30f3b189ee73
  React-RCTAnimation: d6bae3f31c4357ec4c74417ab59b34848c122884
  React-RCTAppDelegate: 7f4653e3e83c0ba8e8370b5667083e60c5c9c8ac
  React-RCTBlob: 32602a777edc6cd279dc1a5b6a7cfb0003bb780d
  React-RCTImage: b7fa933acbe4fe7675fc7e3644a72bee2d20bca8
  React-RCTLinking: 8b46a9441c0e9289fe0324e75b06e794aedcf9b0
  React-RCTNetwork: e3485a8b1ff40c297ee1fb21301920e45fd101e8
  React-RCTSettings: 5cf4f9bff493735f66e2b7fdbde8cebafb6a8247
  React-RCTText: e83b6e2d96ca8cd4d2d142ff79100a787772b382
  React-runtimeexecutor: f4612823f6da38f89fcf5cc13948f1b503d7e9ab
  ReactCommon: a99294a510a3b80273737b796da02ba481ba78c0
  RNScreens: 68fd1060f57dd1023880bf4c05d74784b5392789
  SocketRocket: fccef3f9c5cedea1353a9ef6ada904fde10d6608
  Yoga: 1f76fc24e06883e0b475767d9aa6eab827a44441
  YogaKit: 1e22bf2228b3a5ac8cc88965153061ae92c494b5

PODFILE CHECKSUM: 92e78455e7134aefafbdbec0e4c11aefe9cfc045

COCOAPODS: 1.12.1
